{
  "name": "nest-js",
  "version": "0.0.1",
  "lockfileVersion": 1,
  "requires": true,
  "dependencies": {
    "@types/node": {
      "version": "16.11.58",
      "resolved": "https://registry.npmjs.org/@types/node/-/node-16.11.58.tgz",
      "integrity": "sha512-uMVxJ111wpHzkx/vshZFb6Qni3BOMnlWLq7q9jrwej7Yw/KvjsEbpxCCxw+hLKxexFMc8YmpG8J9tnEe/rKsIg==",
      "dev": true
    }
  }
}
